
Microsoft Visual Studio Solution File, Format Version 12.00
# Visual Studio Version 16
VisualStudioVersion = 16.0.30114.105
MinimumVisualStudioVersion = 10.0.40219.1
Project("{FAE04EC0-301F-11D3-BF4B-00C04F79EFBC}") = "PaymentContext.Domain", "PaymentContext.Domain\PaymentContext.Domain.csproj", "{526D917F-F78A-40F3-B105-9DF0C07F2DFF}"
EndProject
Project("{FAE04EC0-301F-11D3-BF4B-00C04F79EFBC}") = "PaymentContext.Shared", "PaymentContext.Shared\PaymentContext.Shared.csproj", "{D85D05C5-B58F-4293-9D21-7488E6855E81}"
EndProject
Project("{FAE04EC0-301F-11D3-BF4B-00C04F79EFBC}") = "PaymentContext.Tests", "PaymentContext.Tests\PaymentContext.Tests.csproj", "{21B75E17-6612-4787-9E40-7DF180818277}"
EndProject
Global
	GlobalSection(SolutionConfigurationPlatforms) = preSolution
		Debug|Any CPU = Debug|Any CPU
		Debug|x64 = Debug|x64
		Debug|x86 = Debug|x86
		Release|Any CPU = Release|Any CPU
		Release|x64 = Release|x64
		Release|x86 = Release|x86
	EndGlobalSection
	GlobalSection(SolutionProperties) = preSolution
		HideSolutionNode = FALSE
	EndGlobalSection
	GlobalSection(ProjectConfigurationPlatforms) = postSolution
		{526D917F-F78A-40F3-B105-9DF0C07F2DFF}.Debug|Any CPU.ActiveCfg = Debug|Any CPU
		{526D917F-F78A-40F3-B105-9DF0C07F2DFF}.Debug|Any CPU.Build.0 = Debug|Any CPU
		{526D917F-F78A-40F3-B105-9DF0C07F2DFF}.Debug|x64.ActiveCfg = Debug|Any CPU
		{526D917F-F78A-40F3-B105-9DF0C07F2DFF}.Debug|x64.Build.0 = Debug|Any CPU
		{526D917F-F78A-40F3-B105-9DF0C07F2DFF}.Debug|x86.ActiveCfg = Debug|Any CPU
		{526D917F-F78A-40F3-B105-9DF0C07F2DFF}.Debug|x86.Build.0 = Debug|Any CPU
		{526D917F-F78A-40F3-B105-9DF0C07F2DFF}.Release|Any CPU.ActiveCfg = Release|Any CPU
		{526D917F-F78A-40F3-B105-9DF0C07F2DFF}.Release|Any CPU.Build.0 = Release|Any CPU
		{526D917F-F78A-40F3-B105-9DF0C07F2DFF}.Release|x64.ActiveCfg = Release|Any CPU
		{526D917F-F78A-40F3-B105-9DF0C07F2DFF}.Release|x64.Build.0 = Release|Any CPU
		{526D917F-F78A-40F3-B105-9DF0C07F2DFF}.Release|x86.ActiveCfg = Release|Any CPU
		{526D917F-F78A-40F3-B105-9DF0C07F2DFF}.Release|x86.Build.0 = Release|Any CPU
		{D85D05C5-B58F-4293-9D21-7488E6855E81}.Debug|Any CPU.ActiveCfg = Debug|Any CPU
		{D85D05C5-B58F-4293-9D21-7488E6855E81}.Debug|Any CPU.Build.0 = Debug|Any CPU
		{D85D05C5-B58F-4293-9D21-7488E6855E81}.Debug|x64.ActiveCfg = Debug|Any CPU
		{D85D05C5-B58F-4293-9D21-7488E6855E81}.Debug|x64.Build.0 = Debug|Any CPU
		{D85D05C5-B58F-4293-9D21-7488E6855E81}.Debug|x86.ActiveCfg = Debug|Any CPU
		{D85D05C5-B58F-4293-9D21-7488E6855E81}.Debug|x86.Build.0 = Debug|Any CPU
		{D85D05C5-B58F-4293-9D21-7488E6855E81}.Release|Any CPU.ActiveCfg = Release|Any CPU
		{D85D05C5-B58F-4293-9D21-7488E6855E81}.Release|Any CPU.Build.0 = Release|Any CPU
		{D85D05C5-B58F-4293-9D21-7488E6855E81}.Release|x64.ActiveCfg = Release|Any CPU
		{D85D05C5-B58F-4293-9D21-7488E6855E81}.Release|x64.Build.0 = Release|Any CPU
		{D85D05C5-B58F-4293-9D21-7488E6855E81}.Release|x86.ActiveCfg = Release|Any CPU
		{D85D05C5-B58F-4293-9D21-7488E6855E81}.Release|x86.Build.0 = Release|Any CPU
		{21B75E17-6612-4787-9E40-7DF180818277}.Debug|Any CPU.ActiveCfg = Debug|Any CPU
		{21B75E17-6612-4787-9E40-7DF180818277}.Debug|Any CPU.Build.0 = Debug|Any CPU
		{21B75E17-6612-4787-9E40-7DF180818277}.Debug|x64.ActiveCfg = Debug|Any CPU
		{21B75E17-6612-4787-9E40-7DF180818277}.Debug|x64.Build.0 = Debug|Any CPU
		{21B75E17-6612-4787-9E40-7DF180818277}.Debug|x86.ActiveCfg = Debug|Any CPU
		{21B75E17-6612-4787-9E40-7DF180818277}.Debug|x86.Build.0 = Debug|Any CPU
		{21B75E17-6612-4787-9E40-7DF180818277}.Release|Any CPU.ActiveCfg = Release|Any CPU
		{21B75E17-6612-4787-9E40-7DF180818277}.Release|Any CPU.Build.0 = Release|Any CPU
		{21B75E17-6612-4787-9E40-7DF180818277}.Release|x64.ActiveCfg = Release|Any CPU
		{21B75E17-6612-4787-9E40-7DF180818277}.Release|x64.Build.0 = Release|Any CPU
		{21B75E17-6612-4787-9E40-7DF180818277}.Release|x86.ActiveCfg = Release|Any CPU
		{21B75E17-6612-4787-9E40-7DF180818277}.Release|x86.Build.0 = Release|Any CPU
	EndGlobalSection
EndGlobal
